
Microsoft Visual Studio Solution File, Format Version 12.00
# Visual Studio 14
VisualStudioVersion = 14.0.24720.0
MinimumVisualStudioVersion = 10.0.40219.1
Project("{FAE04EC0-301F-11D3-BF4B-00C04F79EFBC}") = "Wallr.Windows10", "Wallr.Windows10\Wallr.Windows10.csproj", "{C576D860-37D1-4E03-8CDB-B69B01FFD5B3}"
EndProject
Project("{FAE04EC0-301F-11D3-BF4B-00C04F79EFBC}") = "Wallr.ImageSource", "Wallr.ImageSource\Wallr.ImageSource.csproj", "{390BDCB5-BA59-4C7E-AA2D-042B735FC805}"
EndProject
Project("{FAE04EC0-301F-11D3-BF4B-00C04F79EFBC}") = "Wallr.ImageSource.Subreddit", "Wallr.ImageSource.Subreddit\Wallr.ImageSource.Subreddit.csproj", "{93390EE0-0CB2-4573-9F28-60F91047F898}"
EndProject
Project("{FAE04EC0-301F-11D3-BF4B-00C04F79EFBC}") = "Wallr.Common", "Wallr.Common\Wallr.Common.csproj", "{CCE4F6D1-B6F5-45D1-9AD8-83CC3DED258C}"
EndProject
Project("{FAE04EC0-301F-11D3-BF4B-00C04F79EFBC}") = "Wallr", "Wallr\Wallr.csproj", "{74562A83-DD36-44C9-9AEE-A24298CD5F56}"
EndProject
Project("{FAE04EC0-301F-11D3-BF4B-00C04F79EFBC}") = "Wallr.Platform", "Wallr.Platform\Wallr.Platform.csproj", "{E5D7B4F2-F84D-4DE8-A8F2-BAE8151710F2}"
EndProject
Project("{FAE04EC0-301F-11D3-BF4B-00C04F79EFBC}") = "Wallr.UI", "Wallr.UI\Wallr.UI.csproj", "{190808F0-09A0-4E49-9F42-029B980937A5}"
EndProject
Project("{2150E333-8FDC-42A3-9474-1A3956D46DE8}") = "Solution Items", "Solution Items", "{0166F6C2-21AA-4F1F-9E9F-776C752F0FEA}"
	ProjectSection(SolutionItems) = preProject
		gulpfile.js = gulpfile.js
		package.json = package.json
	EndProjectSection
EndProject
Project("{FAE04EC0-301F-11D3-BF4B-00C04F79EFBC}") = "Wallr.ImageQueue", "Wallr.ImageQueue\Wallr.ImageQueue.csproj", "{8DD9AB2B-FFCF-4F3F-A633-5F7F36294E84}"
EndProject
Project("{FAE04EC0-301F-11D3-BF4B-00C04F79EFBC}") = "Wallr.ImagePersistence", "Wallr.ImagePersistence\Wallr.ImagePersistence.csproj", "{755B5FA0-9964-4CC9-8932-A90C0775862F}"
EndProject
Project("{FAE04EC0-301F-11D3-BF4B-00C04F79EFBC}") = "Wallr.ImageSource.Api", "Wallr.ImageSource.Api\Wallr.ImageSource.Api.csproj", "{857691F8-9434-4370-812C-E7A804820727}"
EndProject
Project("{FAE04EC0-301F-11D3-BF4B-00C04F79EFBC}") = "Wallr.WallpaperUpdates", "Wallr.WallpaperUpdates\Wallr.WallpaperUpdates.csproj", "{FB2B0829-E113-4E9A-95B9-D1D4B8D0EB4A}"
EndProject
Project("{FAE04EC0-301F-11D3-BF4B-00C04F79EFBC}") = "Wallr.Tests", "Tests\Wallr.Tests\Wallr.Tests.csproj", "{40B62659-16F1-4388-A2BC-49EE91F81167}"
EndProject
Project("{2150E333-8FDC-42A3-9474-1A3956D46DE8}") = "Tests", "Tests", "{CCC5CF08-4294-44B7-8372-43A0A7D8AF45}"
EndProject
Project("{FAE04EC0-301F-11D3-BF4B-00C04F79EFBC}") = "Wallr.ImagePersistence.Tests", "Tests\Wallr.ImagePersistence.Tests\Wallr.ImagePersistence.Tests.csproj", "{40487DE0-1BEF-44EE-BAF8-71D1D059F6A1}"
EndProject
Project("{FAE04EC0-301F-11D3-BF4B-00C04F79EFBC}") = "Wallr.ImageQueue.Tests", "Tests\Wallr.ImageQueue.Tests\Wallr.ImageQueue.Tests.csproj", "{FDEAD6F2-65B4-4607-AF13-DF4C4B07587D}"
EndProject
Project("{FAE04EC0-301F-11D3-BF4B-00C04F79EFBC}") = "Wallr.ImageSource.Tests", "Tests\Wallr.ImageSource.Tests\Wallr.ImageSource.Tests.csproj", "{502A9374-3EB0-4CB0-B8AB-F541557A5B40}"
EndProject
Global
	GlobalSection(SolutionConfigurationPlatforms) = preSolution
		Debug|Any CPU = Debug|Any CPU
		Release|Any CPU = Release|Any CPU
	EndGlobalSection
	GlobalSection(ProjectConfigurationPlatforms) = postSolution
		{C576D860-37D1-4E03-8CDB-B69B01FFD5B3}.Debug|Any CPU.ActiveCfg = Debug|Any CPU
		{C576D860-37D1-4E03-8CDB-B69B01FFD5B3}.Debug|Any CPU.Build.0 = Debug|Any CPU
		{C576D860-37D1-4E03-8CDB-B69B01FFD5B3}.Release|Any CPU.ActiveCfg = Release|Any CPU
		{C576D860-37D1-4E03-8CDB-B69B01FFD5B3}.Release|Any CPU.Build.0 = Release|Any CPU
		{390BDCB5-BA59-4C7E-AA2D-042B735FC805}.Debug|Any CPU.ActiveCfg = Debug|Any CPU
		{390BDCB5-BA59-4C7E-AA2D-042B735FC805}.Debug|Any CPU.Build.0 = Debug|Any CPU
		{390BDCB5-BA59-4C7E-AA2D-042B735FC805}.Release|Any CPU.ActiveCfg = Release|Any CPU
		{390BDCB5-BA59-4C7E-AA2D-042B735FC805}.Release|Any CPU.Build.0 = Release|Any CPU
		{93390EE0-0CB2-4573-9F28-60F91047F898}.Debug|Any CPU.ActiveCfg = Debug|Any CPU
		{93390EE0-0CB2-4573-9F28-60F91047F898}.Debug|Any CPU.Build.0 = Debug|Any CPU
		{93390EE0-0CB2-4573-9F28-60F91047F898}.Release|Any CPU.ActiveCfg = Release|Any CPU
		{93390EE0-0CB2-4573-9F28-60F91047F898}.Release|Any CPU.Build.0 = Release|Any CPU
		{CCE4F6D1-B6F5-45D1-9AD8-83CC3DED258C}.Debug|Any CPU.ActiveCfg = Debug|Any CPU
		{CCE4F6D1-B6F5-45D1-9AD8-83CC3DED258C}.Debug|Any CPU.Build.0 = Debug|Any CPU
		{CCE4F6D1-B6F5-45D1-9AD8-83CC3DED258C}.Release|Any CPU.ActiveCfg = Release|Any CPU
		{CCE4F6D1-B6F5-45D1-9AD8-83CC3DED258C}.Release|Any CPU.Build.0 = Release|Any CPU
		{74562A83-DD36-44C9-9AEE-A24298CD5F56}.Debug|Any CPU.ActiveCfg = Debug|Any CPU
		{74562A83-DD36-44C9-9AEE-A24298CD5F56}.Debug|Any CPU.Build.0 = Debug|Any CPU
		{74562A83-DD36-44C9-9AEE-A24298CD5F56}.Release|Any CPU.ActiveCfg = Release|Any CPU
		{74562A83-DD36-44C9-9AEE-A24298CD5F56}.Release|Any CPU.Build.0 = Release|Any CPU
		{E5D7B4F2-F84D-4DE8-A8F2-BAE8151710F2}.Debug|Any CPU.ActiveCfg = Debug|Any CPU
		{E5D7B4F2-F84D-4DE8-A8F2-BAE8151710F2}.Debug|Any CPU.Build.0 = Debug|Any CPU
		{E5D7B4F2-F84D-4DE8-A8F2-BAE8151710F2}.Release|Any CPU.ActiveCfg = Release|Any CPU
		{E5D7B4F2-F84D-4DE8-A8F2-BAE8151710F2}.Release|Any CPU.Build.0 = Release|Any CPU
		{190808F0-09A0-4E49-9F42-029B980937A5}.Debug|Any CPU.ActiveCfg = Debug|Any CPU
		{190808F0-09A0-4E49-9F42-029B980937A5}.Debug|Any CPU.Build.0 = Debug|Any CPU
		{190808F0-09A0-4E49-9F42-029B980937A5}.Release|Any CPU.ActiveCfg = Release|Any CPU
		{190808F0-09A0-4E49-9F42-029B980937A5}.Release|Any CPU.Build.0 = Release|Any CPU
		{8DD9AB2B-FFCF-4F3F-A633-5F7F36294E84}.Debug|Any CPU.ActiveCfg = Debug|Any CPU
		{8DD9AB2B-FFCF-4F3F-A633-5F7F36294E84}.Debug|Any CPU.Build.0 = Debug|Any CPU
		{8DD9AB2B-FFCF-4F3F-A633-5F7F36294E84}.Release|Any CPU.ActiveCfg = Release|Any CPU
		{8DD9AB2B-FFCF-4F3F-A633-5F7F36294E84}.Release|Any CPU.Build.0 = Release|Any CPU
		{755B5FA0-9964-4CC9-8932-A90C0775862F}.Debug|Any CPU.ActiveCfg = Debug|Any CPU
		{755B5FA0-9964-4CC9-8932-A90C0775862F}.Debug|Any CPU.Build.0 = Debug|Any CPU
		{755B5FA0-9964-4CC9-8932-A90C0775862F}.Release|Any CPU.ActiveCfg = Release|Any CPU
		{755B5FA0-9964-4CC9-8932-A90C0775862F}.Release|Any CPU.Build.0 = Release|Any CPU
		{857691F8-9434-4370-812C-E7A804820727}.Debug|Any CPU.ActiveCfg = Debug|Any CPU
		{857691F8-9434-4370-812C-E7A804820727}.Debug|Any CPU.Build.0 = Debug|Any CPU
		{857691F8-9434-4370-812C-E7A804820727}.Release|Any CPU.ActiveCfg = Release|Any CPU
		{857691F8-9434-4370-812C-E7A804820727}.Release|Any CPU.Build.0 = Release|Any CPU
		{FB2B0829-E113-4E9A-95B9-D1D4B8D0EB4A}.Debug|Any CPU.ActiveCfg = Debug|Any CPU
		{FB2B0829-E113-4E9A-95B9-D1D4B8D0EB4A}.Debug|Any CPU.Build.0 = Debug|Any CPU
		{FB2B0829-E113-4E9A-95B9-D1D4B8D0EB4A}.Release|Any CPU.ActiveCfg = Release|Any CPU
		{FB2B0829-E113-4E9A-95B9-D1D4B8D0EB4A}.Release|Any CPU.Build.0 = Release|Any CPU
		{40B62659-16F1-4388-A2BC-49EE91F81167}.Debug|Any CPU.ActiveCfg = Debug|Any CPU
		{40B62659-16F1-4388-A2BC-49EE91F81167}.Debug|Any CPU.Build.0 = Debug|Any CPU
		{40B62659-16F1-4388-A2BC-49EE91F81167}.Release|Any CPU.ActiveCfg = Release|Any CPU
		{40B62659-16F1-4388-A2BC-49EE91F81167}.Release|Any CPU.Build.0 = Release|Any CPU
		{40487DE0-1BEF-44EE-BAF8-71D1D059F6A1}.Debug|Any CPU.ActiveCfg = Debug|Any CPU
		{40487DE0-1BEF-44EE-BAF8-71D1D059F6A1}.Debug|Any CPU.Build.0 = Debug|Any CPU
		{40487DE0-1BEF-44EE-BAF8-71D1D059F6A1}.Release|Any CPU.ActiveCfg = Release|Any CPU
		{40487DE0-1BEF-44EE-BAF8-71D1D059F6A1}.Release|Any CPU.Build.0 = Release|Any CPU
		{FDEAD6F2-65B4-4607-AF13-DF4C4B07587D}.Debug|Any CPU.ActiveCfg = Debug|Any CPU
		{FDEAD6F2-65B4-4607-AF13-DF4C4B07587D}.Debug|Any CPU.Build.0 = Debug|Any CPU
		{FDEAD6F2-65B4-4607-AF13-DF4C4B07587D}.Release|Any CPU.ActiveCfg = Release|Any CPU
		{FDEAD6F2-65B4-4607-AF13-DF4C4B07587D}.Release|Any CPU.Build.0 = Release|Any CPU
		{502A9374-3EB0-4CB0-B8AB-F541557A5B40}.Debug|Any CPU.ActiveCfg = Debug|Any CPU
		{502A9374-3EB0-4CB0-B8AB-F541557A5B40}.Debug|Any CPU.Build.0 = Debug|Any CPU
		{502A9374-3EB0-4CB0-B8AB-F541557A5B40}.Release|Any CPU.ActiveCfg = Release|Any CPU
		{502A9374-3EB0-4CB0-B8AB-F541557A5B40}.Release|Any CPU.Build.0 = Release|Any CPU
	EndGlobalSection
	GlobalSection(SolutionProperties) = preSolution
		HideSolutionNode = FALSE
	EndGlobalSection
	GlobalSection(NestedProjects) = preSolution
		{40B62659-16F1-4388-A2BC-49EE91F81167} = {CCC5CF08-4294-44B7-8372-43A0A7D8AF45}
		{40487DE0-1BEF-44EE-BAF8-71D1D059F6A1} = {CCC5CF08-4294-44B7-8372-43A0A7D8AF45}
		{FDEAD6F2-65B4-4607-AF13-DF4C4B07587D} = {CCC5CF08-4294-44B7-8372-43A0A7D8AF45}
		{502A9374-3EB0-4CB0-B8AB-F541557A5B40} = {CCC5CF08-4294-44B7-8372-43A0A7D8AF45}
	EndGlobalSection
EndGlobal
