
Microsoft Visual Studio Solution File, Format Version 12.00
# Visual Studio 14
VisualStudioVersion = 14.0.24720.0
MinimumVisualStudioVersion = 10.0.40219.1
Project("{FAE04EC0-301F-11D3-BF4B-00C04F79EFBC}") = "Wallr.Windows10", "Wallr.Windows10\Wallr.Windows10.csproj", "{C576D860-37D1-4E03-8CDB-B69B01FFD5B3}"
EndProject
Project("{FAE04EC0-301F-11D3-BF4B-00C04F79EFBC}") = "Wallr.Core", "Wallr.Core\Wallr.Core.csproj", "{94AF8898-F909-4BE3-899D-204F7D097A7A}"
EndProject
Project("{FAE04EC0-301F-11D3-BF4B-00C04F79EFBC}") = "Wallr.ImageSource", "Wallr.ImageSource\Wallr.ImageSource.csproj", "{390BDCB5-BA59-4C7E-AA2D-042B735FC805}"
EndProject
Project("{FAE04EC0-301F-11D3-BF4B-00C04F79EFBC}") = "Wallr.ImageSource.Subreddit", "Wallr.ImageSource.Subreddit\Wallr.ImageSource.Subreddit.csproj", "{93390EE0-0CB2-4573-9F28-60F91047F898}"
EndProject
Project("{FAE04EC0-301F-11D3-BF4B-00C04F79EFBC}") = "Wallr.Common", "Wallr.Common\Wallr.Common.csproj", "{CCE4F6D1-B6F5-45D1-9AD8-83CC3DED258C}"
EndProject
Project("{FAE04EC0-301F-11D3-BF4B-00C04F79EFBC}") = "Wallr", "Wallr\Wallr.csproj", "{74562A83-DD36-44C9-9AEE-A24298CD5F56}"
EndProject
Project("{FAE04EC0-301F-11D3-BF4B-00C04F79EFBC}") = "Wallr.Interfaces", "Wallr.Interfaces\Wallr.Interfaces.csproj", "{33CA4669-45A8-4FFF-9EFF-A7F2B742F137}"
EndProject
Project("{FAE04EC0-301F-11D3-BF4B-00C04F79EFBC}") = "Wallr.Platform", "Wallr.Platform\Wallr.Platform.csproj", "{E5D7B4F2-F84D-4DE8-A8F2-BAE8151710F2}"
EndProject
Project("{FAE04EC0-301F-11D3-BF4B-00C04F79EFBC}") = "Wallr.UI", "Wallr.UI\Wallr.UI.csproj", "{190808F0-09A0-4E49-9F42-029B980937A5}"
EndProject
Project("{2150E333-8FDC-42A3-9474-1A3956D46DE8}") = "Solution Items", "Solution Items", "{0166F6C2-21AA-4F1F-9E9F-776C752F0FEA}"
	ProjectSection(SolutionItems) = preProject
		gulpfile.js = gulpfile.js
		package.json = package.json
	EndProjectSection
EndProject
Project("{FAE04EC0-301F-11D3-BF4B-00C04F79EFBC}") = "Serialization", "Serialization\Serialization.csproj", "{31D19DF7-D390-412E-B381-05F930AA7CAD}"
EndProject
Project("{FAE04EC0-301F-11D3-BF4B-00C04F79EFBC}") = "Wallr.ImageQueue", "Wallr.ImageQueue\Wallr.ImageQueue.csproj", "{8DD9AB2B-FFCF-4F3F-A633-5F7F36294E84}"
EndProject
Project("{FAE04EC0-301F-11D3-BF4B-00C04F79EFBC}") = "Wallr.ImagePersistence", "Wallr.ImagePersistence\Wallr.ImagePersistence.csproj", "{755B5FA0-9964-4CC9-8932-A90C0775862F}"
EndProject
Global
	GlobalSection(SolutionConfigurationPlatforms) = preSolution
		Debug|Any CPU = Debug|Any CPU
		Release|Any CPU = Release|Any CPU
	EndGlobalSection
	GlobalSection(ProjectConfigurationPlatforms) = postSolution
		{C576D860-37D1-4E03-8CDB-B69B01FFD5B3}.Debug|Any CPU.ActiveCfg = Debug|Any CPU
		{C576D860-37D1-4E03-8CDB-B69B01FFD5B3}.Debug|Any CPU.Build.0 = Debug|Any CPU
		{C576D860-37D1-4E03-8CDB-B69B01FFD5B3}.Release|Any CPU.ActiveCfg = Release|Any CPU
		{C576D860-37D1-4E03-8CDB-B69B01FFD5B3}.Release|Any CPU.Build.0 = Release|Any CPU
		{94AF8898-F909-4BE3-899D-204F7D097A7A}.Debug|Any CPU.ActiveCfg = Debug|Any CPU
		{94AF8898-F909-4BE3-899D-204F7D097A7A}.Debug|Any CPU.Build.0 = Debug|Any CPU
		{94AF8898-F909-4BE3-899D-204F7D097A7A}.Release|Any CPU.ActiveCfg = Release|Any CPU
		{94AF8898-F909-4BE3-899D-204F7D097A7A}.Release|Any CPU.Build.0 = Release|Any CPU
		{390BDCB5-BA59-4C7E-AA2D-042B735FC805}.Debug|Any CPU.ActiveCfg = Debug|Any CPU
		{390BDCB5-BA59-4C7E-AA2D-042B735FC805}.Debug|Any CPU.Build.0 = Debug|Any CPU
		{390BDCB5-BA59-4C7E-AA2D-042B735FC805}.Release|Any CPU.ActiveCfg = Release|Any CPU
		{390BDCB5-BA59-4C7E-AA2D-042B735FC805}.Release|Any CPU.Build.0 = Release|Any CPU
		{93390EE0-0CB2-4573-9F28-60F91047F898}.Debug|Any CPU.ActiveCfg = Debug|Any CPU
		{93390EE0-0CB2-4573-9F28-60F91047F898}.Debug|Any CPU.Build.0 = Debug|Any CPU
		{93390EE0-0CB2-4573-9F28-60F91047F898}.Release|Any CPU.ActiveCfg = Release|Any CPU
		{93390EE0-0CB2-4573-9F28-60F91047F898}.Release|Any CPU.Build.0 = Release|Any CPU
		{CCE4F6D1-B6F5-45D1-9AD8-83CC3DED258C}.Debug|Any CPU.ActiveCfg = Debug|Any CPU
		{CCE4F6D1-B6F5-45D1-9AD8-83CC3DED258C}.Debug|Any CPU.Build.0 = Debug|Any CPU
		{CCE4F6D1-B6F5-45D1-9AD8-83CC3DED258C}.Release|Any CPU.ActiveCfg = Release|Any CPU
		{CCE4F6D1-B6F5-45D1-9AD8-83CC3DED258C}.Release|Any CPU.Build.0 = Release|Any CPU
		{74562A83-DD36-44C9-9AEE-A24298CD5F56}.Debug|Any CPU.ActiveCfg = Debug|Any CPU
		{74562A83-DD36-44C9-9AEE-A24298CD5F56}.Debug|Any CPU.Build.0 = Debug|Any CPU
		{74562A83-DD36-44C9-9AEE-A24298CD5F56}.Release|Any CPU.ActiveCfg = Release|Any CPU
		{74562A83-DD36-44C9-9AEE-A24298CD5F56}.Release|Any CPU.Build.0 = Release|Any CPU
		{33CA4669-45A8-4FFF-9EFF-A7F2B742F137}.Debug|Any CPU.ActiveCfg = Debug|Any CPU
		{33CA4669-45A8-4FFF-9EFF-A7F2B742F137}.Debug|Any CPU.Build.0 = Debug|Any CPU
		{33CA4669-45A8-4FFF-9EFF-A7F2B742F137}.Release|Any CPU.ActiveCfg = Release|Any CPU
		{33CA4669-45A8-4FFF-9EFF-A7F2B742F137}.Release|Any CPU.Build.0 = Release|Any CPU
		{E5D7B4F2-F84D-4DE8-A8F2-BAE8151710F2}.Debug|Any CPU.ActiveCfg = Debug|Any CPU
		{E5D7B4F2-F84D-4DE8-A8F2-BAE8151710F2}.Debug|Any CPU.Build.0 = Debug|Any CPU
		{E5D7B4F2-F84D-4DE8-A8F2-BAE8151710F2}.Release|Any CPU.ActiveCfg = Release|Any CPU
		{E5D7B4F2-F84D-4DE8-A8F2-BAE8151710F2}.Release|Any CPU.Build.0 = Release|Any CPU
		{190808F0-09A0-4E49-9F42-029B980937A5}.Debug|Any CPU.ActiveCfg = Debug|Any CPU
		{190808F0-09A0-4E49-9F42-029B980937A5}.Debug|Any CPU.Build.0 = Debug|Any CPU
		{190808F0-09A0-4E49-9F42-029B980937A5}.Release|Any CPU.ActiveCfg = Release|Any CPU
		{190808F0-09A0-4E49-9F42-029B980937A5}.Release|Any CPU.Build.0 = Release|Any CPU
		{31D19DF7-D390-412E-B381-05F930AA7CAD}.Debug|Any CPU.ActiveCfg = Debug|Any CPU
		{31D19DF7-D390-412E-B381-05F930AA7CAD}.Debug|Any CPU.Build.0 = Debug|Any CPU
		{31D19DF7-D390-412E-B381-05F930AA7CAD}.Release|Any CPU.ActiveCfg = Release|Any CPU
		{31D19DF7-D390-412E-B381-05F930AA7CAD}.Release|Any CPU.Build.0 = Release|Any CPU
		{8DD9AB2B-FFCF-4F3F-A633-5F7F36294E84}.Debug|Any CPU.ActiveCfg = Debug|Any CPU
		{8DD9AB2B-FFCF-4F3F-A633-5F7F36294E84}.Debug|Any CPU.Build.0 = Debug|Any CPU
		{8DD9AB2B-FFCF-4F3F-A633-5F7F36294E84}.Release|Any CPU.ActiveCfg = Release|Any CPU
		{8DD9AB2B-FFCF-4F3F-A633-5F7F36294E84}.Release|Any CPU.Build.0 = Release|Any CPU
		{755B5FA0-9964-4CC9-8932-A90C0775862F}.Debug|Any CPU.ActiveCfg = Debug|Any CPU
		{755B5FA0-9964-4CC9-8932-A90C0775862F}.Debug|Any CPU.Build.0 = Debug|Any CPU
		{755B5FA0-9964-4CC9-8932-A90C0775862F}.Release|Any CPU.ActiveCfg = Release|Any CPU
		{755B5FA0-9964-4CC9-8932-A90C0775862F}.Release|Any CPU.Build.0 = Release|Any CPU
	EndGlobalSection
	GlobalSection(SolutionProperties) = preSolution
		HideSolutionNode = FALSE
	EndGlobalSection
EndGlobal
